
Microsoft Visual Studio Solution File, Format Version 12.00
# Visual Studio Version 17
VisualStudioVersion = 17.7.34018.315
MinimumVisualStudioVersion = 10.0.40219.1
Project("{FAE04EC0-301F-11D3-BF4B-00C04F79EFBC}") = "Powerball2", "Powerball2.csproj", "{0A7124AE-8C92-4463-8255-86467506A8AD}"
EndProject
Global
	GlobalSection(SolutionConfigurationPlatforms) = preSolution
		Debug|Any CPU = Debug|Any CPU
		Release|Any CPU = Release|Any CPU
	EndGlobalSection
	GlobalSection(ProjectConfigurationPlatforms) = postSolution
		{0A7124AE-8C92-4463-8255-86467506A8AD}.Debug|Any CPU.ActiveCfg = Debug|Any CPU
		{0A7124AE-8C92-4463-8255-86467506A8AD}.Debug|Any CPU.Build.0 = Debug|Any CPU
		{0A7124AE-8C92-4463-8255-86467506A8AD}.Release|Any CPU.ActiveCfg = Release|Any CPU
		{0A7124AE-8C92-4463-8255-86467506A8AD}.Release|Any CPU.Build.0 = Release|Any CPU
	EndGlobalSection
	GlobalSection(SolutionProperties) = preSolution
		HideSolutionNode = FALSE
	EndGlobalSection
	GlobalSection(ExtensibilityGlobals) = postSolution
		SolutionGuid = {F2D39566-6381-4F4B-A9F8-3D85FA3C6632}
	EndGlobalSection
EndGlobal
