

Microsoft Visual Studio Solution File, Format Version 12.00
# Visual Studio Version 17
VisualStudioVersion = 17.8.34309.116
MinimumVisualStudioVersion = 10.0.40219.1
Project("{FAE04EC0-301F-11D3-BF4B-00C04F79EFBC}") = "BlazorApp1", "BlazorApp1.csproj", "{A10F163E-EF75-4420-970D-CBEC5C212746}"
EndProject
Global
	GlobalSection(SolutionConfigurationPlatforms) = preSolution
		Debug|Any CPU = Debug|Any CPU
		Release|Any CPU = Release|Any CPU
	EndGlobalSection
	GlobalSection(ProjectConfigurationPlatforms) = postSolution
		{A10F163E-EF75-4420-970D-CBEC5C212746}.Debug|Any CPU.ActiveCfg = Debug|Any CPU
		{A10F163E-EF75-4420-970D-CBEC5C212746}.Debug|Any CPU.Build.0 = Debug|Any CPU
		{A10F163E-EF75-4420-970D-CBEC5C212746}.Release|Any CPU.ActiveCfg = Release|Any CPU
		{A10F163E-EF75-4420-970D-CBEC5C212746}.Release|Any CPU.Build.0 = Release|Any CPU
	EndGlobalSection
	GlobalSection(SolutionProperties) = preSolution
		HideSolutionNode = FALSE
	EndGlobalSection
	GlobalSection(ExtensibilityGlobals) = postSolution
		SolutionGuid = {D2BC17E9-3D54-48E7-AE0A-4F29312D96D7}
	EndGlobalSection
EndGlobal
